
Microsoft Visual Studio Solution File, Format Version 12.00
# Visual Studio Version 17
VisualStudioVersion = 17.4.33213.308
MinimumVisualStudioVersion = 10.0.40219.1
Project("{FAE04EC0-301F-11D3-BF4B-00C04F79EFBC}") = "GUESS NUMBER", "GUESS NUMBER\GUESS NUMBER.csproj", "{B3311114-80EE-4C20-BAEF-9DC0347677D6}"
EndProject
Global
	GlobalSection(SolutionConfigurationPlatforms) = preSolution
		Debug|Any CPU = Debug|Any CPU
		Release|Any CPU = Release|Any CPU
	EndGlobalSection
	GlobalSection(ProjectConfigurationPlatforms) = postSolution
		{B3311114-80EE-4C20-BAEF-9DC0347677D6}.Debug|Any CPU.ActiveCfg = Debug|Any CPU
		{B3311114-80EE-4C20-BAEF-9DC0347677D6}.Debug|Any CPU.Build.0 = Debug|Any CPU
		{B3311114-80EE-4C20-BAEF-9DC0347677D6}.Release|Any CPU.ActiveCfg = Release|Any CPU
		{B3311114-80EE-4C20-BAEF-9DC0347677D6}.Release|Any CPU.Build.0 = Release|Any CPU
	EndGlobalSection
	GlobalSection(SolutionProperties) = preSolution
		HideSolutionNode = FALSE
	EndGlobalSection
	GlobalSection(ExtensibilityGlobals) = postSolution
		SolutionGuid = {2233F763-6FAB-4AD3-8C10-9E697A1C2DF0}
	EndGlobalSection
EndGlobal
